
Microsoft Visual Studio Solution File, Format Version 12.00
# Visual Studio Version 18
VisualStudioVersion = 18.2.11415.280 d18.0
MinimumVisualStudioVersion = 10.0.40219.1
Project("{FAE04EC0-301F-11D3-BF4B-00C04F79EFBC}") = "AutoLot.Models", "AutoLot.Models\AutoLot.Models.csproj", "{A618AA8A-D57E-48C9-B5F3-D3379CE7A6FF}"
EndProject
Project("{FAE04EC0-301F-11D3-BF4B-00C04F79EFBC}") = "AutoLot.Dal", "AutoLot.Dal\AutoLot.Dal.csproj", "{73337A0E-1203-498F-9800-EBDD10D32A21}"
EndProject
Project("{FAE04EC0-301F-11D3-BF4B-00C04F79EFBC}") = "AutoLot.Dal.Tests", "AutoLot.Dal.Tests\AutoLot.Dal.Tests.csproj", "{4C153FBC-3C9F-4C1C-B3E3-F493DDB12CDA}"
EndProject
Global
	GlobalSection(SolutionConfigurationPlatforms) = preSolution
		Debug|Any CPU = Debug|Any CPU
		Debug|x64 = Debug|x64
		Debug|x86 = Debug|x86
		Release|Any CPU = Release|Any CPU
		Release|x64 = Release|x64
		Release|x86 = Release|x86
	EndGlobalSection
	GlobalSection(ProjectConfigurationPlatforms) = postSolution
		{A618AA8A-D57E-48C9-B5F3-D3379CE7A6FF}.Debug|Any CPU.ActiveCfg = Debug|Any CPU
		{A618AA8A-D57E-48C9-B5F3-D3379CE7A6FF}.Debug|Any CPU.Build.0 = Debug|Any CPU
		{A618AA8A-D57E-48C9-B5F3-D3379CE7A6FF}.Debug|x64.ActiveCfg = Debug|Any CPU
		{A618AA8A-D57E-48C9-B5F3-D3379CE7A6FF}.Debug|x64.Build.0 = Debug|Any CPU
		{A618AA8A-D57E-48C9-B5F3-D3379CE7A6FF}.Debug|x86.ActiveCfg = Debug|Any CPU
		{A618AA8A-D57E-48C9-B5F3-D3379CE7A6FF}.Debug|x86.Build.0 = Debug|Any CPU
		{A618AA8A-D57E-48C9-B5F3-D3379CE7A6FF}.Release|Any CPU.ActiveCfg = Release|Any CPU
		{A618AA8A-D57E-48C9-B5F3-D3379CE7A6FF}.Release|Any CPU.Build.0 = Release|Any CPU
		{A618AA8A-D57E-48C9-B5F3-D3379CE7A6FF}.Release|x64.ActiveCfg = Release|Any CPU
		{A618AA8A-D57E-48C9-B5F3-D3379CE7A6FF}.Release|x64.Build.0 = Release|Any CPU
		{A618AA8A-D57E-48C9-B5F3-D3379CE7A6FF}.Release|x86.ActiveCfg = Release|Any CPU
		{A618AA8A-D57E-48C9-B5F3-D3379CE7A6FF}.Release|x86.Build.0 = Release|Any CPU
		{73337A0E-1203-498F-9800-EBDD10D32A21}.Debug|Any CPU.ActiveCfg = Debug|Any CPU
		{73337A0E-1203-498F-9800-EBDD10D32A21}.Debug|Any CPU.Build.0 = Debug|Any CPU
		{73337A0E-1203-498F-9800-EBDD10D32A21}.Debug|x64.ActiveCfg = Debug|Any CPU
		{73337A0E-1203-498F-9800-EBDD10D32A21}.Debug|x64.Build.0 = Debug|Any CPU
		{73337A0E-1203-498F-9800-EBDD10D32A21}.Debug|x86.ActiveCfg = Debug|Any CPU
		{73337A0E-1203-498F-9800-EBDD10D32A21}.Debug|x86.Build.0 = Debug|Any CPU
		{73337A0E-1203-498F-9800-EBDD10D32A21}.Release|Any CPU.ActiveCfg = Release|Any CPU
		{73337A0E-1203-498F-9800-EBDD10D32A21}.Release|Any CPU.Build.0 = Release|Any CPU
		{73337A0E-1203-498F-9800-EBDD10D32A21}.Release|x64.ActiveCfg = Release|Any CPU
		{73337A0E-1203-498F-9800-EBDD10D32A21}.Release|x64.Build.0 = Release|Any CPU
		{73337A0E-1203-498F-9800-EBDD10D32A21}.Release|x86.ActiveCfg = Release|Any CPU
		{73337A0E-1203-498F-9800-EBDD10D32A21}.Release|x86.Build.0 = Release|Any CPU
		{4C153FBC-3C9F-4C1C-B3E3-F493DDB12CDA}.Debug|Any CPU.ActiveCfg = Debug|Any CPU
		{4C153FBC-3C9F-4C1C-B3E3-F493DDB12CDA}.Debug|Any CPU.Build.0 = Debug|Any CPU
		{4C153FBC-3C9F-4C1C-B3E3-F493DDB12CDA}.Debug|x64.ActiveCfg = Debug|Any CPU
		{4C153FBC-3C9F-4C1C-B3E3-F493DDB12CDA}.Debug|x64.Build.0 = Debug|Any CPU
		{4C153FBC-3C9F-4C1C-B3E3-F493DDB12CDA}.Debug|x86.ActiveCfg = Debug|Any CPU
		{4C153FBC-3C9F-4C1C-B3E3-F493DDB12CDA}.Debug|x86.Build.0 = Debug|Any CPU
		{4C153FBC-3C9F-4C1C-B3E3-F493DDB12CDA}.Release|Any CPU.ActiveCfg = Release|Any CPU
		{4C153FBC-3C9F-4C1C-B3E3-F493DDB12CDA}.Release|Any CPU.Build.0 = Release|Any CPU
		{4C153FBC-3C9F-4C1C-B3E3-F493DDB12CDA}.Release|x64.ActiveCfg = Release|Any CPU
		{4C153FBC-3C9F-4C1C-B3E3-F493DDB12CDA}.Release|x64.Build.0 = Release|Any CPU
		{4C153FBC-3C9F-4C1C-B3E3-F493DDB12CDA}.Release|x86.ActiveCfg = Release|Any CPU
		{4C153FBC-3C9F-4C1C-B3E3-F493DDB12CDA}.Release|x86.Build.0 = Release|Any CPU
	EndGlobalSection
	GlobalSection(SolutionProperties) = preSolution
		HideSolutionNode = FALSE
	EndGlobalSection
EndGlobal
